{
  "name": "recipe-book",
  "version": "0.0.0",
  "lockfileVersion": 1,
  "requires": true,
  "dependencies": {
    "@angular/cli": {
      "version": "1.1.1",
      "resolved": "https://registry.npmjs.org/@angular/cli/-/cli-1.1.1.tgz",
      "integrity": "sha1-7lz3Y3rYWcCOil56fyFh0OdM56U=",
      "dev": true,
      "dependencies": {
        "nopt": {
          "version": "4.0.1",
          "resolved": "https://registry.npmjs.org/nopt/-/nopt-4.0.1.tgz",
          "integrity": "sha1-0NRoWv1UFRk8jHUFYC0NF81kR00="
        }
      }
    },
    "@angular/common": {
      "version": "4.2.2",
      "resolved": "https://registry.npmjs.org/@angular/common/-/common-4.2.2.tgz",
      "integrity": "sha1-fAfEaJfVhUJxJAeQEwB33IOgp3U="
    },
    "@angular/compiler": {
      "version": "4.2.2",
      "resolved": "https://registry.npmjs.org/@angular/compiler/-/compiler-4.2.2.tgz",
      "integrity": "sha1-EMFo+KFWOX8Hrm74OgkR4B7SZPg="
    },
    "@angular/compiler-cli": {
      "version": "4.2.2",
      "resolved": "https://registry.npmjs.org/@angular/compiler-cli/-/compiler-cli-4.2.2.tgz",
      "integrity": "sha1-vF+lLjQAC2eKPIGJ/+LaX8ABdQE=",
      "dev": true
    },
    "@angular/core": {
      "version": "11.0.5",
      "resolved": "https://registry.npmjs.org/@angular/core/-/core-11.0.5.tgz",
      "integrity": "sha512-XAXWQi7R3ucZXQwx9QK5jSKJeQyRJ53u2dQDpr7R5stzeCy1a5hrNOkZLg9zOTTPcth/6+FrOrRZP9SMdxtw3w==",
      "requires": {
        "tslib": "^2.0.0"
      },
      "dependencies": {
        "tslib": {
          "version": "2.4.0",
          "resolved": "https://registry.npmjs.org/tslib/-/tslib-2.4.0.tgz",
          "integrity": "sha512-d6xOpEDfsi2CZVlPQzGeux8XMwLT9hssAsaPYExaQMuYskwb+x1x7J371tWlbBdWHroy99KnVB6qIkUbs5X3UQ=="
        }
      }
    },
    "@angular/forms": {
      "version": "4.2.2",
      "resolved": "https://registry.npmjs.org/@angular/forms/-/forms-4.2.2.tgz",
      "integrity": "sha1-XJYK0pYKCuKZn8R0Vg1z6RDRGKA="
    },
    "@angular/http": {
      "version": "4.2.2",
      "resolved": "https://registry.npmjs.org/@angular/http/-/http-4.2.2.tgz",
      "integrity": "sha1-6fl397Ds7E1Y7N/FbVcG2ClYSLI="
    },
    "@angular/platform-browser": {
      "version": "4.2.2",
      "resolved": "https://registry.npmjs.org/@angular/platform-browser/-/platform-browser-4.2.2.tgz",
      "integrity": "sha1-5+HqMtEGn/lgQpB28/CIKWW2IPM="
    },
    "@angular/platform-browser-dynamic": {
      "version": "4.2.2",
      "resolved": "https://registry.npmjs.org/@angular/platform-browser-dynamic/-/platform-browser-dynamic-4.2.2.tgz",
      "integrity": "sha1-APS40c5BX0MrzFqyu5CwsGkDYoc="
    },
    "@angular/router": {
      "version": "4.2.2",
      "resolved": "https://registry.npmjs.org/@angular/router/-/router-4.2.2.tgz",
      "integrity": "sha1-Ly0gLJLb44KNWj0v0sNzfAy2pYc="
    },
    "@types/jasmine": {
      "version": "2.5.52",
      "resolved": "https://registry.npmjs.org/@types/jasmine/-/jasmine-2.5.52.tgz",
      "integrity": "sha512-UPh5iFLlmAJ0W1jbzKyVMAC4CmvZAA6wxA9ES+SrzWvUxi5ZZfptxiIAdC6JeYlwRJLDilL3ckq4pzW1J3mngg==",
      "dev": true
    },
    "@types/node": {
      "version": "7.0.31",
      "resolved": "https://registry.npmjs.org/@types/node/-/node-7.0.31.tgz",
      "integrity": "sha512-+KrE1LDddn97ip+gXZAnzNQ0pupKH/6tcKwTpo96BDVNpzmhIKGHug0Wd3H0dN4WEqYB1tXYI5m2mZuIZNI8tg==",
      "dev": true
    },
    "codelyzer": {
      "version": "3.0.1",
      "resolved": "https://registry.npmjs.org/codelyzer/-/codelyzer-3.0.1.tgz",
      "integrity": "sha1-uma3sqpWT+n0XWAEtAA60s8RaCg=",
      "dev": true,
      "dependencies": {
        "css-selector-tokenizer": {
          "version": "0.7.0",
          "resolved": "https://registry.npmjs.org/css-selector-tokenizer/-/css-selector-tokenizer-0.7.0.tgz",
          "integrity": "sha1-5piEdK6MlTR3v15+/s/OzNnPTIY="
        }
      }
    },
    "core-js": {
      "version": "2.4.1",
      "resolved": "https://registry.npmjs.org/core-js/-/core-js-2.4.1.tgz",
      "integrity": "sha1-TekR5mew6ukSTjQlS1OupvxhjT4="
    },
    "jasmine-core": {
      "version": "2.6.3",
      "resolved": "https://registry.npmjs.org/jasmine-core/-/jasmine-core-2.6.3.tgz",
      "integrity": "sha1-RQcpUOSkKx4yL+VcABEApGXXeBU=",
      "dev": true
    },
    "jasmine-spec-reporter": {
      "version": "4.1.0",
      "resolved": "https://registry.npmjs.org/jasmine-spec-reporter/-/jasmine-spec-reporter-4.1.0.tgz",
      "integrity": "sha1-uKp1hN9Y5Nq2Gs2++3bQlqo4Zj8=",
      "dev": true
    },
    "karma": {
      "version": "1.7.0",
      "resolved": "https://registry.npmjs.org/karma/-/karma-1.7.0.tgz",
      "integrity": "sha1-b3oaQGRG+i4YfslTmGmPTO5HYmk=",
      "dev": true,
      "dependencies": {
        "isbinaryfile": {
          "version": "3.0.2",
          "resolved": "https://registry.npmjs.org/isbinaryfile/-/isbinaryfile-3.0.2.tgz",
          "integrity": "sha1-Sj6XTsDLqQBNP8bN5yCeppNopiE="
        },
        "lodash": {
          "version": "3.10.1",
          "resolved": "https://registry.npmjs.org/lodash/-/lodash-3.10.1.tgz",
          "integrity": "sha1-W/Rejkm6QYnhfUgnid/RW9FAt7Y="
        },
        "tmp": {
          "version": "0.0.31",
          "resolved": "https://registry.npmjs.org/tmp/-/tmp-0.0.31.tgz",
          "integrity": "sha1-jzirlDjhcxXl29izZX6L+yd65Kc="
        }
      }
    },
    "karma-chrome-launcher": {
      "version": "2.1.1",
      "resolved": "https://registry.npmjs.org/karma-chrome-launcher/-/karma-chrome-launcher-2.1.1.tgz",
      "integrity": "sha1-IWh5xorATY1RQOmWGboEtZr9Rs8=",
      "dev": true
    },
    "karma-cli": {
      "version": "1.0.1",
      "resolved": "https://registry.npmjs.org/karma-cli/-/karma-cli-1.0.1.tgz",
      "integrity": "sha1-rmw8WKMTodALRRZMRVubhs4X+WA=",
      "dev": true
    },
    "karma-jasmine": {
      "version": "1.1.0",
      "resolved": "https://registry.npmjs.org/karma-jasmine/-/karma-jasmine-1.1.0.tgz",
      "integrity": "sha1-IuTAa/mhguUpTR9wXjczgRuBCs8=",
      "dev": true
    },
    "karma-remap-istanbul": {
      "version": "0.6.0",
      "resolved": "https://registry.npmjs.org/karma-remap-istanbul/-/karma-remap-istanbul-0.6.0.tgz",
      "integrity": "sha1-l/O3cAZSVPm0ck8tm+SjouG69vw=",
      "dev": true,
      "dependencies": {
        "remap-istanbul": {
          "version": "0.9.5",
          "resolved": "https://registry.npmjs.org/remap-istanbul/-/remap-istanbul-0.9.5.tgz",
          "integrity": "sha1-oYYXsfMe7Fp9vud1OCmLd1YGqqg="
        }
      }
    },
    "protractor": {
      "version": "5.1.2",
      "resolved": "https://registry.npmjs.org/protractor/-/protractor-5.1.2.tgz",
      "integrity": "sha1-myIXQXCaTGLVzVPGqt1UpxE36V8=",
      "dev": true,
      "dependencies": {
        "@types/node": {
          "version": "6.0.78",
          "resolved": "https://registry.npmjs.org/@types/node/-/node-6.0.78.tgz",
          "integrity": "sha512-+vD6E8ixntRzzZukoF3uP1iV+ZjVN3koTcaeK+BEoc/kSfGbLDIGC7RmCaUgVpUfN6cWvfczFRERCyKM9mkvXg=="
        },
        "jasmine": {
          "version": "2.6.0",
          "resolved": "https://registry.npmjs.org/jasmine/-/jasmine-2.6.0.tgz",
          "integrity": "sha1-ayLnCIPo5YnUVjRhU7TSBt2+IX8="
        },
        "jasminewd2": {
          "version": "2.1.0",
          "resolved": "https://registry.npmjs.org/jasminewd2/-/jasminewd2-2.1.0.tgz",
          "integrity": "sha1-2llSddGuYx3nNqwKfH2Fyfc+9lI="
        },
        "q": {
          "version": "1.4.1",
          "resolved": "https://registry.npmjs.org/q/-/q-1.4.1.tgz",
          "integrity": "sha1-VXBbzZPF82c1MMLCy8DCs63cKG4="
        },
        "saucelabs": {
          "version": "1.3.0",
          "resolved": "https://registry.npmjs.org/saucelabs/-/saucelabs-1.3.0.tgz",
          "integrity": "sha1-0kDoAJ33+ocwbsRXimm6O1xCT+4="
        },
        "selenium-webdriver": {
          "version": "3.0.1",
          "resolved": "https://registry.npmjs.org/selenium-webdriver/-/selenium-webdriver-3.0.1.tgz",
          "integrity": "sha1-ot6l2kqX9mcuiefKcnbO+jZRR6c="
        },
        "tmp": {
          "version": "0.0.30",
          "resolved": "https://registry.npmjs.org/tmp/-/tmp-0.0.30.tgz",
          "integrity": "sha1-ckGdSovn1s51FI/YsyTlk6cRwu0="
        },
        "xml2js": {
          "version": "0.4.17",
          "resolved": "https://registry.npmjs.org/xml2js/-/xml2js-0.4.17.tgz",
          "integrity": "sha1-F76T6q4/O3eTWceVtBlwWogX6Gg="
        },
        "xmlbuilder": {
          "version": "4.2.1",
          "resolved": "https://registry.npmjs.org/xmlbuilder/-/xmlbuilder-4.2.1.tgz",
          "integrity": "sha1-qlijBBoGb5DqoWwvU4n/GfP0YaU="
        }
      }
    },
    "rxjs": {
      "version": "5.4.0",
      "resolved": "https://registry.npmjs.org/rxjs/-/rxjs-5.4.0.tgz",
      "integrity": "sha1-p9sUqxV/nXqsalbmVeejhg05vyY="
    },
    "ts-helpers": {
      "version": "1.1.2",
      "resolved": "https://registry.npmjs.org/ts-helpers/-/ts-helpers-1.1.2.tgz",
      "integrity": "sha1-/Gm+nx87rtAfsaDvjUz+dIgU2DU="
    },
    "ts-node": {
      "version": "3.0.6",
      "resolved": "https://registry.npmjs.org/ts-node/-/ts-node-3.0.6.tgz",
      "integrity": "sha1-VRJ/95DH7r9rpowebd6UsJqqIeA=",
      "dev": true,
      "dependencies": {
        "diff": {
          "version": "3.2.0",
          "resolved": "https://registry.npmjs.org/diff/-/diff-3.2.0.tgz",
          "integrity": "sha1-yc45Okt8vQsFinJck98pkCeGj/k="
        }
      }
    },
    "tslint": {
      "version": "5.4.3",
      "resolved": "https://registry.npmjs.org/tslint/-/tslint-5.4.3.tgz",
      "integrity": "sha1-dhyEArgONHt3M6BDkKdXslNYBGc=",
      "dev": true,
      "dependencies": {
        "diff": {
          "version": "3.2.0",
          "resolved": "https://registry.npmjs.org/diff/-/diff-3.2.0.tgz",
          "integrity": "sha1-yc45Okt8vQsFinJck98pkCeGj/k="
        }
      }
    },
    "typescript": {
      "version": "2.3.4",
      "resolved": "https://registry.npmjs.org/typescript/-/typescript-2.3.4.tgz",
      "integrity": "sha1-PTgyGCgjHkNPKHUUlZw3qCtin0I=",
      "dev": true
    },
    "webdriver-manager": {
      "version": "12.0.6",
      "resolved": "https://registry.npmjs.org/webdriver-manager/-/webdriver-manager-12.0.6.tgz",
      "integrity": "sha1-PfGkgZdwELTL+MnYXHpXeCjA5ws=",
      "dev": true,
      "dependencies": {
        "xml2js": {
          "version": "0.4.17",
          "resolved": "https://registry.npmjs.org/xml2js/-/xml2js-0.4.17.tgz",
          "integrity": "sha1-F76T6q4/O3eTWceVtBlwWogX6Gg="
        },
        "xmlbuilder": {
          "version": "4.2.1",
          "resolved": "https://registry.npmjs.org/xmlbuilder/-/xmlbuilder-4.2.1.tgz",
          "integrity": "sha1-qlijBBoGb5DqoWwvU4n/GfP0YaU="
        }
      }
    },
    "zone.js": {
      "version": "0.8.12",
      "resolved": "https://registry.npmjs.org/zone.js/-/zone.js-0.8.12.tgz",
      "integrity": "sha1-hv9QU8mK7CkaC/S7rFAdaUoFz7s="
    }
  }
}
